<?xml version="1.0" encoding="UTF-8"?>
<CONFIG>
  <ProjectOptions>
    <Version Value="10"/>
    <PathDelim Value="\"/>
    <General>
      <SessionStorage Value="InProjectDir"/>
      <MainUnit Value="0"/>
      <Title Value="SBACreator"/>
      <ResourceType Value="res"/>
      <UseXPManifest Value="True"/>
      <XPManifest>
        <DpiAware Value="True"/>
      </XPManifest>
      <Icon Value="0"/>
    </General>
    <i18n>
      <EnableI18N LFM="False"/>
    </i18n>
    <VersionInfo>
      <UseVersionInfo Value="True"/>
      <AutoIncrementBuild Value="True"/>
      <MinorVersionNr Value="3"/>
      <RevisionNr Value="33"/>
      <BuildNr Value="92"/>
      <Attributes pvaPreRelease="True"/>
      <StringTable CompanyName="uE Peru" FileDescription="SBA System Creator" LegalCopyright="(c) Miguel A. Risco-Castillo" ProductVersion="Public Beta"/>
    </VersionInfo>
    <BuildModes Count="4">
      <Item1 Name="Default" Default="True"/>
      <Item2 Name="Debug">
        <CompilerOptions>
          <Version Value="11"/>
          <PathDelim Value="\"/>
          <Target>
            <Filename Value="$Env(PRJOUT)\SBAcreator\SBAcreator"/>
          </Target>
          <SearchPaths>
            <IncludeFiles Value="$(ProjOutDir)"/>
            <UnitOutputDirectory Value="$Env(TEMP)\lazarus\lib\$(TargetCPU)-$(TargetOS)"/>
          </SearchPaths>
          <Parsing>
            <SyntaxOptions>
              <IncludeAssertionCode Value="True"/>
            </SyntaxOptions>
          </Parsing>
          <CodeGeneration>
            <Checks>
              <IOChecks Value="True"/>
              <RangeChecks Value="True"/>
              <OverflowChecks Value="True"/>
              <StackChecks Value="True"/>
            </Checks>
          </CodeGeneration>
          <Linking>
            <Debugging>
              <DebugInfoType Value="dsDwarf2Set"/>
              <UseHeaptrc Value="True"/>
              <UseExternalDbgSyms Value="True"/>
            </Debugging>
            <Options>
              <Win32>
                <GraphicApplication Value="True"/>
              </Win32>
            </Options>
          </Linking>
          <Other>
            <CustomOptions Value="-dDEBUG"/>
            <OtherDefines Count="1">
              <Define0 Value="DEBUG"/>
            </OtherDefines>
          </Other>
        </CompilerOptions>
      </Item2>
      <Item3 Name="Release">
        <CompilerOptions>
          <Version Value="11"/>
          <PathDelim Value="\"/>
          <Target>
            <Filename Value="$Env(PRJOUT)\SBAcreator\SBAcreator"/>
          </Target>
          <SearchPaths>
            <IncludeFiles Value="$(ProjOutDir)"/>
            <UnitOutputDirectory Value="$Env(TEMP)\lazarus\lib\$(TargetCPU)-$(TargetOS)"/>
          </SearchPaths>
          <CodeGeneration>
            <SmartLinkUnit Value="True"/>
            <Optimizations>
              <OptimizationLevel Value="3"/>
            </Optimizations>
          </CodeGeneration>
          <Linking>
            <Debugging>
              <GenerateDebugInfo Value="False"/>
              <StripSymbols Value="True"/>
            </Debugging>
            <LinkSmart Value="True"/>
            <Options>
              <Win32>
                <GraphicApplication Value="True"/>
              </Win32>
            </Options>
          </Linking>
          <Other>
            <OtherDefines Count="1">
              <Define0 Value="DEBUG"/>
            </OtherDefines>
          </Other>
        </CompilerOptions>
      </Item3>
      <Item4 Name="Linux x64 Release">
        <CompilerOptions>
          <Version Value="11"/>
          <PathDelim Value="\"/>
          <Target>
            <Filename Value="$Env(PRJOUT)\SBAcreator\SBAcreator"/>
          </Target>
          <SearchPaths>
            <IncludeFiles Value="$(ProjOutDir)"/>
            <UnitOutputDirectory Value="$Env(TEMP)\lazarus\lib\$(TargetCPU)-$(TargetOS)"/>
          </SearchPaths>
          <CodeGeneration>
            <SmartLinkUnit Value="True"/>
            <TargetCPU Value="x86_64"/>
            <TargetOS Value="linux"/>
            <Optimizations>
              <OptimizationLevel Value="3"/>
            </Optimizations>
          </CodeGeneration>
          <Linking>
            <Debugging>
              <GenerateDebugInfo Value="False"/>
              <StripSymbols Value="True"/>
            </Debugging>
            <LinkSmart Value="True"/>
            <Options>
              <Win32>
                <GraphicApplication Value="True"/>
              </Win32>
            </Options>
          </Linking>
          <Other>
            <OtherDefines Count="1">
              <Define0 Value="DEBUG"/>
            </OtherDefines>
          </Other>
        </CompilerOptions>
      </Item4>
    </BuildModes>
    <PublishOptions>
      <Version Value="2"/>
      <DestinationDirectory Value="T:\SBACreator"/>
      <IncludeFileFilter Value="*.(pas|pp|inc|lfm|lpr|lrs|lpi|lpk|sh|xml)"/>
      <ExcludeFileFilter Value="*.(bak|ppu|o|so);*~;backup"/>
    </PublishOptions>
    <RunParams>
      <local>
        <FormatVersion Value="1"/>
      </local>
    </RunParams>
    <RequiredPackages Count="11">
      <Item1>
        <PackageName Value="LazUtils"/>
      </Item1>
      <Item2>
        <PackageName Value="RunTimeTypeInfoControls"/>
      </Item2>
      <Item3>
        <PackageName Value="LazControls"/>
      </Item3>
      <Item4>
        <PackageName Value="HistoryLazarus"/>
      </Item4>
      <Item5>
        <PackageName Value="bgracontrols"/>
      </Item5>
      <Item6>
        <PackageName Value="laz_synapse"/>
      </Item6>
      <Item7>
        <PackageName Value="uEControls"/>
      </Item7>
      <Item8>
        <PackageName Value="IDEIntf"/>
      </Item8>
      <Item9>
        <PackageName Value="FCL"/>
      </Item9>
      <Item10>
        <PackageName Value="SynEdit"/>
      </Item10>
      <Item11>
        <PackageName Value="LCL"/>
      </Item11>
    </RequiredPackages>
    <Units Count="23">
      <Unit0>
        <Filename Value="SBAcreator.lpr"/>
        <IsPartOfProject Value="True"/>
      </Unit0>
      <Unit1>
        <Filename Value="mainformu.pas"/>
        <IsPartOfProject Value="True"/>
        <ComponentName Value="MainForm"/>
        <HasResources Value="True"/>
        <ResourceBaseClass Value="Form"/>
        <UnitName Value="MainFormU"/>
      </Unit1>
      <Unit2>
        <Filename Value="synhighlighterverilog.pas"/>
        <IsPartOfProject Value="True"/>
      </Unit2>
      <Unit3>
        <Filename Value="synhighlightersba.pas"/>
        <IsPartOfProject Value="True"/>
        <UnitName Value="SynHighlighterSBA"/>
      </Unit3>
      <Unit4>
        <Filename Value="versionsupportu.pas"/>
        <IsPartOfProject Value="True"/>
      </Unit4>
      <Unit5>
        <Filename Value="sbaprogcontrlru.pas"/>
        <IsPartOfProject Value="True"/>
        <UnitName Value="SBAProgContrlrU"/>
      </Unit5>
      <Unit6>
        <Filename Value="aboutformu.pas"/>
        <IsPartOfProject Value="True"/>
        <ComponentName Value="AboutForm"/>
        <HasResources Value="True"/>
        <ResourceBaseClass Value="Form"/>
        <UnitName Value="AboutFormU"/>
      </Unit6>
      <Unit7>
        <Filename Value="sbasnippetu.pas"/>
        <IsPartOfProject Value="True"/>
        <UnitName Value="SBASnippetU"/>
      </Unit7>
      <Unit8>
        <Filename Value="sbaprojectu.pas"/>
        <IsPartOfProject Value="True"/>
        <UnitName Value="SBAProjectU"/>
      </Unit8>
      <Unit9>
        <Filename Value="configformu.pas"/>
        <IsPartOfProject Value="True"/>
        <ComponentName Value="ConfigForm"/>
        <HasResources Value="True"/>
        <ResourceBaseClass Value="Form"/>
        <UnitName Value="ConfigFormU"/>
      </Unit9>
      <Unit10>
        <Filename Value="prjwizu.pas"/>
        <IsPartOfProject Value="True"/>
        <ComponentName Value="prjWizForm"/>
        <HasResources Value="True"/>
        <ResourceBaseClass Value="Form"/>
        <UnitName Value="PrjWizU"/>
      </Unit10>
      <Unit11>
        <Filename Value="dwfileu.pas"/>
        <IsPartOfProject Value="True"/>
        <UnitName Value="DwFileU"/>
      </Unit11>
      <Unit12>
        <Filename Value="debugformu.pas"/>
        <IsPartOfProject Value="True"/>
        <ComponentName Value="DebugForm"/>
        <HasResources Value="True"/>
        <ResourceBaseClass Value="Form"/>
        <UnitName Value="DebugFormU"/>
      </Unit12>
      <Unit13>
        <Filename Value="floatformu.pas"/>
        <IsPartOfProject Value="True"/>
        <ComponentName Value="FloatForm"/>
        <HasResources Value="True"/>
        <ResourceBaseClass Value="Form"/>
        <UnitName Value="FloatFormU"/>
      </Unit13>
      <Unit14>
        <Filename Value="coresprjedformu.pas"/>
        <IsPartOfProject Value="True"/>
        <ComponentName Value="CoresPrjEdForm"/>
        <HasResources Value="True"/>
        <ResourceBaseClass Value="Form"/>
        <UnitName Value="CoresPrjEdFormU"/>
      </Unit14>
      <Unit15>
        <Filename Value="libraryformu.pas"/>
        <IsPartOfProject Value="True"/>
        <ComponentName Value="LibraryForm"/>
        <HasResources Value="True"/>
        <ResourceBaseClass Value="Form"/>
        <UnitName Value="LibraryFormU"/>
      </Unit15>
      <Unit16>
        <Filename Value="utilsu.pas"/>
        <IsPartOfProject Value="True"/>
        <UnitName Value="UtilsU"/>
      </Unit16>
      <Unit17>
        <Filename Value="sbaprogramu.pas"/>
        <IsPartOfProject Value="True"/>
        <UnitName Value="SBAProgramU"/>
      </Unit17>
      <Unit18>
        <Filename Value="exportprjformu.pas"/>
        <IsPartOfProject Value="True"/>
        <ComponentName Value="ExportPrjForm"/>
        <HasResources Value="True"/>
        <ResourceBaseClass Value="Form"/>
        <UnitName Value="ExportPrjFormU"/>
      </Unit18>
      <Unit19>
        <Filename Value="autoupdateu.pas"/>
        <IsPartOfProject Value="True"/>
        <UnitName Value="AutoUpdateU"/>
      </Unit19>
      <Unit20>
        <Filename Value="synhighlighterjson.pas"/>
        <IsPartOfProject Value="True"/>
        <UnitName Value="SynHighlighterJSON"/>
      </Unit20>
      <Unit21>
        <Filename Value="wapagecontrol.pas"/>
        <IsPartOfProject Value="True"/>
        <UnitName Value="WAPageControl"/>
      </Unit21>
      <Unit22>
        <Filename Value="sbaipcoresu.pas"/>
        <IsPartOfProject Value="True"/>
        <UnitName Value="SBAIPCoresU"/>
      </Unit22>
    </Units>
  </ProjectOptions>
  <CompilerOptions>
    <Version Value="11"/>
    <PathDelim Value="\"/>
    <Target>
      <Filename Value="$Env(PRJOUT)\SBAcreator\SBAcreator"/>
    </Target>
    <SearchPaths>
      <IncludeFiles Value="$(ProjOutDir)"/>
      <UnitOutputDirectory Value="$Env(TEMP)\lazarus\lib\$(TargetCPU)-$(TargetOS)"/>
    </SearchPaths>
    <Linking>
      <Debugging>
        <GenerateDebugInfo Value="False"/>
        <StripSymbols Value="True"/>
      </Debugging>
      <Options>
        <Win32>
          <GraphicApplication Value="True"/>
        </Win32>
      </Options>
    </Linking>
  </CompilerOptions>
  <Debugging>
    <Exceptions Count="4">
      <Item1>
        <Name Value="EAbort"/>
      </Item1>
      <Item2>
        <Name Value="ECodetoolError"/>
      </Item2>
      <Item3>
        <Name Value="EFOpenError"/>
      </Item3>
      <Item4>
        <Name Value="Exception"/>
      </Item4>
    </Exceptions>
  </Debugging>
</CONFIG>
