<?xml version="1.0" encoding="UTF-8"?>
<CONFIG>
  <ProjectOptions>
    <Version Value="9"/>
    <PathDelim Value="\"/>
    <General>
      <MainUnit Value="0"/>
      <Title Value="SBACreator"/>
      <ResourceType Value="res"/>
      <UseXPManifest Value="True"/>
      <XPManifest>
        <DpiAware Value="True"/>
      </XPManifest>
      <Icon Value="0"/>
    </General>
    <i18n>
      <EnableI18N LFM="False"/>
    </i18n>
    <VersionInfo>
      <UseVersionInfo Value="True"/>
      <AutoIncrementBuild Value="True"/>
      <MinorVersionNr Value="2"/>
      <RevisionNr Value="5"/>
      <BuildNr Value="46"/>
      <Attributes pvaPreRelease="True"/>
      <StringTable CompanyName="uE Peru" FileDescription="SBA System Creator" LegalCopyright="(c) Miguel A. Risco-Castillo" ProductVersion="Private Beta"/>
    </VersionInfo>
    <BuildModes Count="3" Active="Release">
      <Item1 Name="Default" Default="True"/>
      <Item2 Name="Debug">
        <CompilerOptions>
          <Version Value="11"/>
          <PathDelim Value="\"/>
          <Target>
            <Filename Value="C:\Temporal\SBAcreator\SBAcreator"/>
          </Target>
          <SearchPaths>
            <IncludeFiles Value="$(ProjOutDir)"/>
            <OtherUnitFiles Value="W:\Lazarus\Libs\synalist\"/>
            <UnitOutputDirectory Value="C:\Temp\lazarus\lib\$(TargetCPU)-$(TargetOS)"/>
          </SearchPaths>
          <Parsing>
            <SyntaxOptions>
              <IncludeAssertionCode Value="True"/>
            </SyntaxOptions>
          </Parsing>
          <CodeGeneration>
            <Checks>
              <IOChecks Value="True"/>
              <RangeChecks Value="True"/>
              <OverflowChecks Value="True"/>
              <StackChecks Value="True"/>
            </Checks>
          </CodeGeneration>
          <Linking>
            <Debugging>
              <DebugInfoType Value="dsDwarf2Set"/>
              <UseHeaptrc Value="True"/>
              <UseExternalDbgSyms Value="True"/>
            </Debugging>
            <Options>
              <Win32>
                <GraphicApplication Value="True"/>
              </Win32>
            </Options>
          </Linking>
          <Other>
            <CustomOptions Value="-dDEBUG"/>
          </Other>
        </CompilerOptions>
      </Item2>
      <Item3 Name="Release">
        <CompilerOptions>
          <Version Value="11"/>
          <PathDelim Value="\"/>
          <Target>
            <Filename Value="C:\Temporal\SBAcreator\SBAcreator"/>
          </Target>
          <SearchPaths>
            <IncludeFiles Value="$(ProjOutDir)"/>
            <UnitOutputDirectory Value="C:\Temp\lazarus\lib\$(TargetCPU)-$(TargetOS)"/>
          </SearchPaths>
          <CodeGeneration>
            <SmartLinkUnit Value="True"/>
            <Optimizations>
              <OptimizationLevel Value="3"/>
            </Optimizations>
          </CodeGeneration>
          <Linking>
            <Debugging>
              <GenerateDebugInfo Value="False"/>
              <StripSymbols Value="True"/>
            </Debugging>
            <LinkSmart Value="True"/>
            <Options>
              <Win32>
                <GraphicApplication Value="True"/>
              </Win32>
            </Options>
          </Linking>
        </CompilerOptions>
      </Item3>
    </BuildModes>
    <PublishOptions>
      <Version Value="2"/>
      <IncludeFileFilter Value="*.(pas|pp|inc|lfm|lpr|lrs|lpi|lpk|sh|xml)"/>
      <ExcludeFileFilter Value="*.(bak|ppu|o|so);*~;backup"/>
    </PublishOptions>
    <RunParams>
      <local>
        <FormatVersion Value="1"/>
      </local>
    </RunParams>
    <RequiredPackages Count="10">
      <Item1>
        <PackageName Value="RunTimeTypeInfoControls"/>
      </Item1>
      <Item2>
        <PackageName Value="LazControls"/>
      </Item2>
      <Item3>
        <PackageName Value="HistoryLazarus"/>
      </Item3>
      <Item4>
        <PackageName Value="bgracontrols"/>
      </Item4>
      <Item5>
        <PackageName Value="laz_synapse"/>
      </Item5>
      <Item6>
        <PackageName Value="uEControls"/>
      </Item6>
      <Item7>
        <PackageName Value="IDEIntf"/>
      </Item7>
      <Item8>
        <PackageName Value="FCL"/>
      </Item8>
      <Item9>
        <PackageName Value="SynEdit"/>
      </Item9>
      <Item10>
        <PackageName Value="LCL"/>
      </Item10>
    </RequiredPackages>
    <Units Count="28">
      <Unit0>
        <Filename Value="SBAcreator.lpr"/>
        <IsPartOfProject Value="True"/>
        <EditorIndex Value="-1"/>
        <TopLine Value="10"/>
        <CursorPos X="50" Y="14"/>
        <UsageCount Value="202"/>
      </Unit0>
      <Unit1>
        <Filename Value="mainformu.pas"/>
        <IsPartOfProject Value="True"/>
        <ComponentName Value="MainForm"/>
        <HasResources Value="True"/>
        <ResourceBaseClass Value="Form"/>
        <UnitName Value="MainFormU"/>
        <IsVisibleTab Value="True"/>
        <TopLine Value="764"/>
        <CursorPos X="5" Y="774"/>
        <UsageCount Value="202"/>
        <Loaded Value="True"/>
        <LoadedDesigner Value="True"/>
      </Unit1>
      <Unit2>
        <Filename Value="synhighlighterverilog.pas"/>
        <IsPartOfProject Value="True"/>
        <EditorIndex Value="-1"/>
        <TopLine Value="918"/>
        <CursorPos X="25" Y="932"/>
        <UsageCount Value="201"/>
      </Unit2>
      <Unit3>
        <Filename Value="usyneditpopupedit.pas"/>
        <IsPartOfProject Value="True"/>
        <EditorIndex Value="-1"/>
        <TopLine Value="177"/>
        <UsageCount Value="200"/>
      </Unit3>
      <Unit4>
        <Filename Value="synhighlightersba.pas"/>
        <IsPartOfProject Value="True"/>
        <EditorIndex Value="-1"/>
        <TopLine Value="423"/>
        <CursorPos X="13" Y="429"/>
        <UsageCount Value="200"/>
      </Unit4>
      <Unit5>
        <Filename Value="versionsupportu.pas"/>
        <IsPartOfProject Value="True"/>
        <EditorIndex Value="-1"/>
        <CursorPos X="10" Y="36"/>
        <UsageCount Value="200"/>
      </Unit5>
      <Unit6>
        <Filename Value="sbaprogcontrlru.pas"/>
        <IsPartOfProject Value="True"/>
        <UnitName Value="SBAProgContrlrU"/>
        <EditorIndex Value="5"/>
        <TopLine Value="245"/>
        <CursorPos X="63" Y="5"/>
        <UsageCount Value="264"/>
        <Loaded Value="True"/>
      </Unit6>
      <Unit7>
        <Filename Value="aboutformu.pas"/>
        <IsPartOfProject Value="True"/>
        <ComponentName Value="AboutForm"/>
        <HasResources Value="True"/>
        <ResourceBaseClass Value="Form"/>
        <EditorIndex Value="-1"/>
        <CursorPos X="29" Y="14"/>
        <UsageCount Value="242"/>
      </Unit7>
      <Unit8>
        <Filename Value="sbasnippetu.pas"/>
        <IsPartOfProject Value="True"/>
        <UnitName Value="SBASnippetU"/>
        <EditorIndex Value="7"/>
        <TopLine Value="124"/>
        <CursorPos X="20" Y="11"/>
        <UsageCount Value="217"/>
        <Loaded Value="True"/>
      </Unit8>
      <Unit9>
        <Filename Value="sbaprojectu.pas"/>
        <IsPartOfProject Value="True"/>
        <UnitName Value="SBAProjectU"/>
        <EditorIndex Value="2"/>
        <CursorPos X="15" Y="11"/>
        <UsageCount Value="232"/>
        <Loaded Value="True"/>
      </Unit9>
      <Unit10>
        <Filename Value="configformu.pas"/>
        <IsPartOfProject Value="True"/>
        <ComponentName Value="ConfigForm"/>
        <HasResources Value="True"/>
        <ResourceBaseClass Value="Form"/>
        <UnitName Value="ConfigFormU"/>
        <EditorIndex Value="3"/>
        <TopLine Value="68"/>
        <CursorPos X="42" Y="73"/>
        <UsageCount Value="205"/>
        <Loaded Value="True"/>
        <LoadedDesigner Value="True"/>
      </Unit10>
      <Unit11>
        <Filename Value="prjwizu.pas"/>
        <IsPartOfProject Value="True"/>
        <ComponentName Value="prjWizForm"/>
        <HasResources Value="True"/>
        <ResourceBaseClass Value="Form"/>
        <UnitName Value="PrjWizU"/>
        <EditorIndex Value="4"/>
        <CursorPos X="43" Y="10"/>
        <UsageCount Value="200"/>
        <Bookmarks Count="1">
          <Item0 Y="615" ID="1"/>
        </Bookmarks>
        <Loaded Value="True"/>
        <LoadedDesigner Value="True"/>
      </Unit11>
      <Unit12>
        <Filename Value="C:\lazarus\fpc\2.6.4\source\packages\fcl-json\src\fpjson.pp"/>
        <EditorIndex Value="-1"/>
        <TopLine Value="700"/>
        <CursorPos X="3" Y="703"/>
        <UsageCount Value="1"/>
      </Unit12>
      <Unit13>
        <Filename Value="C:\lazarus\components\lazutils\fileutil.pas"/>
        <UnitName Value="FileUtil"/>
        <EditorIndex Value="-1"/>
        <TopLine Value="195"/>
        <CursorPos X="10" Y="204"/>
        <UsageCount Value="10"/>
      </Unit13>
      <Unit14>
        <Filename Value="dwfileu.pas"/>
        <IsPartOfProject Value="True"/>
        <EditorIndex Value="-1"/>
        <CursorPos X="23" Y="204"/>
        <UsageCount Value="202"/>
      </Unit14>
      <Unit15>
        <Filename Value="debugformu.pas"/>
        <IsPartOfProject Value="True"/>
        <ComponentName Value="DebugForm"/>
        <HasResources Value="True"/>
        <ResourceBaseClass Value="Form"/>
        <EditorIndex Value="-1"/>
        <CursorPos X="28" Y="43"/>
        <UsageCount Value="208"/>
      </Unit15>
      <Unit16>
        <Filename Value="floatformu.pas"/>
        <IsPartOfProject Value="True"/>
        <ComponentName Value="FloatForm"/>
        <HasResources Value="True"/>
        <ResourceBaseClass Value="Form"/>
        <EditorIndex Value="-1"/>
        <CursorPos X="43" Y="9"/>
        <UsageCount Value="200"/>
      </Unit16>
      <Unit17>
        <Filename Value="coresprjedformu.pas"/>
        <IsPartOfProject Value="True"/>
        <ComponentName Value="CoresPrjEdForm"/>
        <HasResources Value="True"/>
        <ResourceBaseClass Value="Form"/>
        <EditorIndex Value="-1"/>
        <CursorPos X="45" Y="28"/>
        <UsageCount Value="204"/>
      </Unit17>
      <Unit18>
        <Filename Value="libraryformu.pas"/>
        <IsPartOfProject Value="True"/>
        <ComponentName Value="LibraryForm"/>
        <HasResources Value="True"/>
        <ResourceBaseClass Value="Form"/>
        <UnitName Value="LibraryFormU"/>
        <EditorIndex Value="1"/>
        <TopLine Value="94"/>
        <CursorPos X="53" Y="96"/>
        <UsageCount Value="283"/>
        <Bookmarks Count="1">
          <Item0 X="30" Y="360"/>
        </Bookmarks>
        <Loaded Value="True"/>
      </Unit18>
      <Unit19>
        <Filename Value="C:\lazarus\components\lazcontrols\listviewfilteredit.pas"/>
        <EditorIndex Value="-1"/>
        <CursorPos X="24" Y="12"/>
        <UsageCount Value="6"/>
      </Unit19>
      <Unit20>
        <Filename Value="utilsu.pas"/>
        <IsPartOfProject Value="True"/>
        <EditorIndex Value="-1"/>
        <CursorPos X="35" Y="84"/>
        <UsageCount Value="271"/>
      </Unit20>
      <Unit21>
        <Filename Value="C:\lazarus\lcl\comctrls.pp"/>
        <EditorIndex Value="-1"/>
        <TopLine Value="902"/>
        <CursorPos X="3" Y="914"/>
        <UsageCount Value="8"/>
      </Unit21>
      <Unit22>
        <Filename Value="sbaprogramu.pas"/>
        <IsPartOfProject Value="True"/>
        <UnitName Value="SBAProgramU"/>
        <EditorIndex Value="6"/>
        <TopLine Value="124"/>
        <UsageCount Value="166"/>
        <Loaded Value="True"/>
      </Unit22>
      <Unit23>
        <Filename Value="inifilesutf8.pas"/>
        <IsPartOfProject Value="True"/>
        <EditorIndex Value="-1"/>
        <TopLine Value="7"/>
        <CursorPos X="55" Y="13"/>
        <UsageCount Value="160"/>
      </Unit23>
      <Unit24>
        <Filename Value="C:\lazarus\components\lazutils\fileutil.inc"/>
        <EditorIndex Value="-1"/>
        <TopLine Value="1234"/>
        <CursorPos X="3" Y="1242"/>
        <UsageCount Value="9"/>
      </Unit24>
      <Unit25>
        <Filename Value="C:\lazarus\components\lazutils\lazfileutils.pas"/>
        <UnitName Value="LazFileUtils"/>
        <EditorIndex Value="-1"/>
        <TopLine Value="982"/>
        <CursorPos X="46" Y="991"/>
        <UsageCount Value="9"/>
      </Unit25>
      <Unit26>
        <Filename Value="stringlistutf8.pas"/>
        <IsPartOfProject Value="True"/>
        <UnitName Value="StringListUTF8"/>
        <EditorIndex Value="-1"/>
        <TopLine Value="5"/>
        <CursorPos X="30" Y="8"/>
        <UsageCount Value="25"/>
      </Unit26>
      <Unit27>
        <Filename Value="C:\lazarus\fpc\2.6.4\source\rtl\objpas\classes\classesh.inc"/>
        <EditorIndex Value="-1"/>
        <TopLine Value="663"/>
        <CursorPos Y="674"/>
        <UsageCount Value="10"/>
      </Unit27>
    </Units>
    <CustomDefines Count="1">
      <Define0 Value="DEBUG"/>
    </CustomDefines>
    <JumpHistory Count="30" HistoryIndex="29">
      <Position1>
        <Filename Value="sbaprojectu.pas"/>
        <Caret Line="294" Column="19" TopLine="278"/>
      </Position1>
      <Position2>
        <Filename Value="sbaprojectu.pas"/>
        <Caret Line="296" Column="27" TopLine="280"/>
      </Position2>
      <Position3>
        <Filename Value="sbaprojectu.pas"/>
        <Caret Line="300" Column="53" TopLine="284"/>
      </Position3>
      <Position4>
        <Filename Value="sbaprojectu.pas"/>
        <Caret Line="306" Column="31" TopLine="290"/>
      </Position4>
      <Position5>
        <Filename Value="sbaprojectu.pas"/>
        <Caret Line="327" Column="22" TopLine="311"/>
      </Position5>
      <Position6>
        <Filename Value="sbaprojectu.pas"/>
        <Caret Line="348" Column="20" TopLine="332"/>
      </Position6>
      <Position7>
        <Filename Value="sbaprojectu.pas"/>
        <Caret Line="395" Column="15" TopLine="379"/>
      </Position7>
      <Position8>
        <Filename Value="sbaprojectu.pas"/>
        <Caret Line="415" Column="12" TopLine="327"/>
      </Position8>
      <Position9>
        <Filename Value="sbaprojectu.pas"/>
        <Caret Line="417" Column="20" TopLine="401"/>
      </Position9>
      <Position10>
        <Filename Value="sbaprojectu.pas"/>
        <Caret Line="503" Column="33" TopLine="487"/>
      </Position10>
      <Position11>
        <Filename Value="sbaprojectu.pas"/>
        <Caret Line="506" Column="15" TopLine="490"/>
      </Position11>
      <Position12>
        <Filename Value="sbaprojectu.pas"/>
        <Caret Line="510" Column="29" TopLine="494"/>
      </Position12>
      <Position13>
        <Filename Value="sbaprojectu.pas"/>
        <Caret Line="512" Column="34" TopLine="496"/>
      </Position13>
      <Position14>
        <Filename Value="sbaprojectu.pas"/>
        <Caret Line="516" Column="16" TopLine="500"/>
      </Position14>
      <Position15>
        <Filename Value="sbaprojectu.pas"/>
        <Caret Line="519" Column="15" TopLine="503"/>
      </Position15>
      <Position16>
        <Filename Value="sbaprojectu.pas"/>
        <Caret Line="520" Column="33" TopLine="505"/>
      </Position16>
      <Position17>
        <Filename Value="sbaprojectu.pas"/>
        <Caret Line="523" Column="20" TopLine="507"/>
      </Position17>
      <Position18>
        <Filename Value="sbaprojectu.pas"/>
        <Caret Line="526" Column="21" TopLine="510"/>
      </Position18>
      <Position19>
        <Filename Value="sbaprojectu.pas"/>
        <Caret Line="545" Column="11" TopLine="529"/>
      </Position19>
      <Position20>
        <Filename Value="sbaprojectu.pas"/>
        <Caret Line="546" Column="17" TopLine="530"/>
      </Position20>
      <Position21>
        <Filename Value="sbaprojectu.pas"/>
        <Caret Line="548" Column="19" TopLine="532"/>
      </Position21>
      <Position22>
        <Filename Value="sbaprojectu.pas"/>
        <Caret Line="579" Column="31" TopLine="563"/>
      </Position22>
      <Position23>
        <Filename Value="sbaprojectu.pas"/>
        <Caret Line="582" Column="21" TopLine="566"/>
      </Position23>
      <Position24>
        <Filename Value="sbaprojectu.pas"/>
        <Caret Line="585" Column="13" TopLine="570"/>
      </Position24>
      <Position25>
        <Filename Value="sbaprojectu.pas"/>
        <Caret Line="587" Column="19" TopLine="571"/>
      </Position25>
      <Position26>
        <Filename Value="sbaprojectu.pas"/>
        <Caret Line="593" Column="17" TopLine="577"/>
      </Position26>
      <Position27>
        <Filename Value="sbaprojectu.pas"/>
        <Caret Line="608" Column="18" TopLine="592"/>
      </Position27>
      <Position28>
        <Filename Value="mainformu.pas"/>
        <Caret Line="764" Column="8" TopLine="761"/>
      </Position28>
      <Position29>
        <Filename Value="libraryformu.pas"/>
        <Caret Line="5" Column="30"/>
      </Position29>
      <Position30>
        <Filename Value="mainformu.pas"/>
        <Caret Line="760" TopLine="753"/>
      </Position30>
    </JumpHistory>
  </ProjectOptions>
  <CompilerOptions>
    <Version Value="11"/>
    <PathDelim Value="\"/>
    <Target>
      <Filename Value="C:\Temporal\SBAcreator\SBAcreator"/>
    </Target>
    <SearchPaths>
      <IncludeFiles Value="$(ProjOutDir)"/>
      <UnitOutputDirectory Value="C:\Temp\lazarus\lib\$(TargetCPU)-$(TargetOS)"/>
    </SearchPaths>
    <Linking>
      <Debugging>
        <GenerateDebugInfo Value="False"/>
        <StripSymbols Value="True"/>
      </Debugging>
      <Options>
        <Win32>
          <GraphicApplication Value="True"/>
        </Win32>
      </Options>
    </Linking>
  </CompilerOptions>
  <Debugging>
    <Watches Count="2">
      <Item1>
        <Expression Value="SBAPrj.description.FLIST[0]"/>
      </Item1>
      <Item2>
        <Expression Value="SBAPrj.libcores.FLIST[0]"/>
      </Item2>
    </Watches>
    <Exceptions Count="4">
      <Item1>
        <Name Value="EAbort"/>
      </Item1>
      <Item2>
        <Name Value="ECodetoolError"/>
      </Item2>
      <Item3>
        <Name Value="EFOpenError"/>
      </Item3>
      <Item4>
        <Name Value="Exception"/>
      </Item4>
    </Exceptions>
  </Debugging>
</CONFIG>
