<?xml version="1.0" encoding="UTF-8"?>
<CONFIG>
  <ProjectOptions>
    <Version Value="9"/>
    <PathDelim Value="\"/>
    <General>
      <MainUnit Value="0"/>
      <Title Value="SBACreator"/>
      <ResourceType Value="res"/>
      <UseXPManifest Value="True"/>
      <XPManifest>
        <DpiAware Value="True"/>
      </XPManifest>
    </General>
    <i18n>
      <EnableI18N LFM="False"/>
    </i18n>
    <VersionInfo>
      <UseVersionInfo Value="True"/>
      <AutoIncrementBuild Value="True"/>
      <MinorVersionNr Value="3"/>
      <RevisionNr Value="3"/>
      <BuildNr Value="63"/>
      <Attributes pvaPreRelease="True"/>
      <StringTable CompanyName="uE Peru" FileDescription="SBA System Creator" LegalCopyright="(c) Miguel A. Risco-Castillo" ProductVersion="Public Beta"/>
    </VersionInfo>
    <BuildModes Count="3" Active="Release">
      <Item1 Name="Default" Default="True"/>
      <Item2 Name="Debug">
        <CompilerOptions>
          <Version Value="11"/>
          <PathDelim Value="\"/>
          <Target>
            <Filename Value="exe\SBAcreator"/>
          </Target>
          <SearchPaths>
            <IncludeFiles Value="$(ProjOutDir)"/>
            <UnitOutputDirectory Value="lib\$(TargetCPU)-$(TargetOS)"/>
          </SearchPaths>
          <Parsing>
            <SyntaxOptions>
              <IncludeAssertionCode Value="True"/>
            </SyntaxOptions>
          </Parsing>
          <CodeGeneration>
            <Checks>
              <IOChecks Value="True"/>
              <RangeChecks Value="True"/>
              <OverflowChecks Value="True"/>
              <StackChecks Value="True"/>
            </Checks>
          </CodeGeneration>
          <Linking>
            <Debugging>
              <DebugInfoType Value="dsDwarf2Set"/>
              <UseHeaptrc Value="True"/>
              <UseExternalDbgSyms Value="True"/>
            </Debugging>
            <Options>
              <Win32>
                <GraphicApplication Value="True"/>
              </Win32>
            </Options>
          </Linking>
          <Other>
            <CustomOptions Value="-dDEBUG"/>
          </Other>
        </CompilerOptions>
      </Item2>
      <Item3 Name="Release">
        <CompilerOptions>
          <Version Value="11"/>
          <PathDelim Value="\"/>
          <Target>
            <Filename Value="exe\SBAcreator"/>
          </Target>
          <SearchPaths>
            <IncludeFiles Value="$(ProjOutDir)"/>
            <UnitOutputDirectory Value="lib\$(TargetCPU)-$(TargetOS)"/>
          </SearchPaths>
          <CodeGeneration>
            <SmartLinkUnit Value="True"/>
            <Optimizations>
              <OptimizationLevel Value="3"/>
            </Optimizations>
          </CodeGeneration>
          <Linking>
            <Debugging>
              <GenerateDebugInfo Value="False"/>
              <StripSymbols Value="True"/>
            </Debugging>
            <LinkSmart Value="True"/>
            <Options>
              <Win32>
                <GraphicApplication Value="True"/>
              </Win32>
            </Options>
          </Linking>
        </CompilerOptions>
      </Item3>
    </BuildModes>
    <PublishOptions>
      <Version Value="2"/>
      <IncludeFileFilter Value="*.(pas|pp|inc|lfm|lpr|lrs|lpi|lpk|sh|xml)"/>
      <ExcludeFileFilter Value="*.(bak|ppu|o|so);*~;backup"/>
    </PublishOptions>
    <RunParams>
      <local>
        <FormatVersion Value="1"/>
      </local>
    </RunParams>
    <RequiredPackages Count="11">
      <Item1>
        <PackageName Value="lazupdate"/>
      </Item1>
      <Item2>
        <PackageName Value="RunTimeTypeInfoControls"/>
      </Item2>
      <Item3>
        <PackageName Value="LazControls"/>
      </Item3>
      <Item4>
        <PackageName Value="HistoryLazarus"/>
      </Item4>
      <Item5>
        <PackageName Value="bgracontrols"/>
      </Item5>
      <Item6>
        <PackageName Value="laz_synapse"/>
      </Item6>
      <Item7>
        <PackageName Value="uEControls"/>
      </Item7>
      <Item8>
        <PackageName Value="IDEIntf"/>
      </Item8>
      <Item9>
        <PackageName Value="FCL"/>
      </Item9>
      <Item10>
        <PackageName Value="SynEdit"/>
      </Item10>
      <Item11>
        <PackageName Value="LCL"/>
      </Item11>
    </RequiredPackages>
    <Units Count="23">
      <Unit0>
        <Filename Value="SBAcreator.lpr"/>
        <IsPartOfProject Value="True"/>
        <EditorIndex Value="3"/>
        <TopLine Value="4"/>
        <CursorPos Y="30"/>
        <UsageCount Value="202"/>
        <Loaded Value="True"/>
      </Unit0>
      <Unit1>
        <Filename Value="mainformu.pas"/>
        <IsPartOfProject Value="True"/>
        <ComponentName Value="MainForm"/>
        <HasResources Value="True"/>
        <ResourceBaseClass Value="Form"/>
        <UnitName Value="MainFormU"/>
        <IsVisibleTab Value="True"/>
        <TopLine Value="756"/>
        <CursorPos X="47" Y="771"/>
        <UsageCount Value="202"/>
        <Bookmarks Count="1">
          <Item0 X="27" Y="1050" ID="9"/>
        </Bookmarks>
        <Loaded Value="True"/>
        <LoadedDesigner Value="True"/>
      </Unit1>
      <Unit2>
        <Filename Value="synhighlighterverilog.pas"/>
        <IsPartOfProject Value="True"/>
        <EditorIndex Value="-1"/>
        <TopLine Value="918"/>
        <CursorPos X="25" Y="932"/>
        <UsageCount Value="201"/>
      </Unit2>
      <Unit3>
        <Filename Value="usyneditpopupedit.pas"/>
        <IsPartOfProject Value="True"/>
        <EditorIndex Value="-1"/>
        <TopLine Value="177"/>
        <UsageCount Value="200"/>
      </Unit3>
      <Unit4>
        <Filename Value="synhighlightersba.pas"/>
        <IsPartOfProject Value="True"/>
        <EditorIndex Value="-1"/>
        <TopLine Value="423"/>
        <CursorPos X="13" Y="429"/>
        <UsageCount Value="200"/>
      </Unit4>
      <Unit5>
        <Filename Value="versionsupportu.pas"/>
        <IsPartOfProject Value="True"/>
        <EditorIndex Value="-1"/>
        <CursorPos X="10" Y="36"/>
        <UsageCount Value="200"/>
      </Unit5>
      <Unit6>
        <Filename Value="sbaprogcontrlru.pas"/>
        <IsPartOfProject Value="True"/>
        <EditorIndex Value="-1"/>
        <TopLine Value="229"/>
        <CursorPos X="63" Y="5"/>
        <UsageCount Value="264"/>
      </Unit6>
      <Unit7>
        <Filename Value="aboutformu.pas"/>
        <IsPartOfProject Value="True"/>
        <ComponentName Value="AboutForm"/>
        <HasResources Value="True"/>
        <ResourceBaseClass Value="Form"/>
        <EditorIndex Value="-1"/>
        <CursorPos X="29" Y="14"/>
        <UsageCount Value="242"/>
      </Unit7>
      <Unit8>
        <Filename Value="sbasnippetu.pas"/>
        <IsPartOfProject Value="True"/>
        <EditorIndex Value="-1"/>
        <TopLine Value="108"/>
        <CursorPos X="42" Y="116"/>
        <UsageCount Value="217"/>
      </Unit8>
      <Unit9>
        <Filename Value="sbaprojectu.pas"/>
        <IsPartOfProject Value="True"/>
        <UnitName Value="SBAProjectU"/>
        <EditorIndex Value="2"/>
        <TopLine Value="517"/>
        <CursorPos X="23" Y="527"/>
        <UsageCount Value="232"/>
        <Loaded Value="True"/>
      </Unit9>
      <Unit10>
        <Filename Value="configformu.pas"/>
        <IsPartOfProject Value="True"/>
        <ComponentName Value="ConfigForm"/>
        <HasResources Value="True"/>
        <ResourceBaseClass Value="Form"/>
        <UnitName Value="ConfigFormU"/>
        <EditorIndex Value="1"/>
        <TopLine Value="177"/>
        <CursorPos X="15" Y="184"/>
        <UsageCount Value="205"/>
        <Bookmarks Count="1">
          <Item0 X="27" Y="96"/>
        </Bookmarks>
        <Loaded Value="True"/>
        <LoadedDesigner Value="True"/>
      </Unit10>
      <Unit11>
        <Filename Value="prjwizu.pas"/>
        <IsPartOfProject Value="True"/>
        <ComponentName Value="prjWizForm"/>
        <HasResources Value="True"/>
        <ResourceBaseClass Value="Form"/>
        <UnitName Value="PrjWizU"/>
        <EditorIndex Value="-1"/>
        <TopLine Value="133"/>
        <CursorPos X="13" Y="145"/>
        <UsageCount Value="200"/>
        <Bookmarks Count="1">
          <Item0 X="46" Y="336"/>
        </Bookmarks>
      </Unit11>
      <Unit12>
        <Filename Value="dwfileu.pas"/>
        <IsPartOfProject Value="True"/>
        <EditorIndex Value="-1"/>
        <CursorPos X="23" Y="204"/>
        <UsageCount Value="202"/>
      </Unit12>
      <Unit13>
        <Filename Value="debugformu.pas"/>
        <IsPartOfProject Value="True"/>
        <ComponentName Value="DebugForm"/>
        <HasResources Value="True"/>
        <ResourceBaseClass Value="Form"/>
        <UnitName Value="DebugFormU"/>
        <EditorIndex Value="4"/>
        <CursorPos Y="4"/>
        <UsageCount Value="208"/>
        <Loaded Value="True"/>
      </Unit13>
      <Unit14>
        <Filename Value="floatformu.pas"/>
        <IsPartOfProject Value="True"/>
        <ComponentName Value="FloatForm"/>
        <HasResources Value="True"/>
        <ResourceBaseClass Value="Form"/>
        <UnitName Value="FloatFormU"/>
        <EditorIndex Value="-1"/>
        <TopLine Value="61"/>
        <CursorPos X="32" Y="72"/>
        <UsageCount Value="200"/>
      </Unit14>
      <Unit15>
        <Filename Value="coresprjedformu.pas"/>
        <IsPartOfProject Value="True"/>
        <ComponentName Value="CoresPrjEdForm"/>
        <HasResources Value="True"/>
        <ResourceBaseClass Value="Form"/>
        <UnitName Value="CoresPrjEdFormU"/>
        <EditorIndex Value="-1"/>
        <TopLine Value="114"/>
        <CursorPos X="34" Y="122"/>
        <UsageCount Value="204"/>
      </Unit15>
      <Unit16>
        <Filename Value="libraryformu.pas"/>
        <IsPartOfProject Value="True"/>
        <ComponentName Value="LibraryForm"/>
        <HasResources Value="True"/>
        <ResourceBaseClass Value="Form"/>
        <UnitName Value="LibraryFormU"/>
        <EditorIndex Value="-1"/>
        <TopLine Value="281"/>
        <CursorPos X="18" Y="292"/>
        <UsageCount Value="283"/>
        <Bookmarks Count="3">
          <Item0 Y="539" ID="2"/>
          <Item1 Y="261" ID="3"/>
          <Item2 X="24" Y="277" ID="1"/>
        </Bookmarks>
      </Unit16>
      <Unit17>
        <Filename Value="utilsu.pas"/>
        <IsPartOfProject Value="True"/>
        <UnitName Value="UtilsU"/>
        <EditorIndex Value="-1"/>
        <CursorPos X="20" Y="6"/>
        <UsageCount Value="271"/>
      </Unit17>
      <Unit18>
        <Filename Value="sbaprogramu.pas"/>
        <IsPartOfProject Value="True"/>
        <EditorIndex Value="-1"/>
        <TopLine Value="108"/>
        <UsageCount Value="201"/>
      </Unit18>
      <Unit19>
        <Filename Value="inifilesutf8.pas"/>
        <IsPartOfProject Value="True"/>
        <UnitName Value="IniFilesUTF8"/>
        <EditorIndex Value="-1"/>
        <CursorPos X="12" Y="3"/>
        <UsageCount Value="205"/>
      </Unit19>
      <Unit20>
        <Filename Value="stringlistutf8.pas"/>
        <IsPartOfProject Value="True"/>
        <EditorIndex Value="-1"/>
        <TopLine Value="5"/>
        <CursorPos X="30" Y="8"/>
        <UsageCount Value="214"/>
      </Unit20>
      <Unit21>
        <Filename Value="..\..\..\..\..\..\usr\share\lazarus\1.4.2\lcl\graphics.pp"/>
        <UnitName Value="Graphics"/>
        <EditorIndex Value="-1"/>
        <TopLine Value="50"/>
        <CursorPos X="17" Y="63"/>
        <UsageCount Value="9"/>
      </Unit21>
      <Unit22>
        <Filename Value="..\..\..\..\..\..\usr\share\lazarus\1.4.4\lcl\graphics.pp"/>
        <UnitName Value="Graphics"/>
        <EditorIndex Value="-1"/>
        <TopLine Value="1197"/>
        <CursorPos X="15" Y="1209"/>
        <UsageCount Value="10"/>
      </Unit22>
    </Units>
    <CustomDefines Count="1">
      <Define0 Value="DEBUG"/>
    </CustomDefines>
    <JumpHistory Count="17" HistoryIndex="16">
      <Position1>
        <Filename Value="SBAcreator.lpr"/>
        <Caret Line="29" TopLine="9"/>
      </Position1>
      <Position2>
        <Filename Value="mainformu.pas"/>
        <Caret Line="1873" Column="43" TopLine="1869"/>
      </Position2>
      <Position3>
        <Filename Value="mainformu.pas"/>
        <Caret Line="993" Column="12" TopLine="981"/>
      </Position3>
      <Position4>
        <Filename Value="mainformu.pas"/>
        <Caret Line="1403" Column="3" TopLine="1397"/>
      </Position4>
      <Position5>
        <Filename Value="mainformu.pas"/>
        <Caret Line="452" Column="4" TopLine="450"/>
      </Position5>
      <Position6>
        <Filename Value="mainformu.pas"/>
        <Caret Line="1335" Column="26" TopLine="1330"/>
      </Position6>
      <Position7>
        <Filename Value="mainformu.pas"/>
        <Caret Line="1496" Column="27" TopLine="1492"/>
      </Position7>
      <Position8>
        <Filename Value="mainformu.pas"/>
        <Caret Line="1820" Column="4" TopLine="1817"/>
      </Position8>
      <Position9>
        <Filename Value="mainformu.pas"/>
        <Caret Line="1993" Column="3" TopLine="1989"/>
      </Position9>
      <Position10>
        <Filename Value="mainformu.pas"/>
        <Caret Line="2001" Column="29" TopLine="1996"/>
      </Position10>
      <Position11>
        <Filename Value="sbaprojectu.pas"/>
        <Caret Line="219" Column="62" TopLine="193"/>
      </Position11>
      <Position12>
        <Filename Value="SBAcreator.lpr"/>
        <Caret Line="27" Column="43" TopLine="4"/>
      </Position12>
      <Position13>
        <Filename Value="SBAcreator.lpr"/>
        <Caret Line="30" TopLine="4"/>
      </Position13>
      <Position14>
        <Filename Value="mainformu.pas"/>
        <Caret Line="2020" TopLine="2013"/>
      </Position14>
      <Position15>
        <Filename Value="mainformu.pas"/>
        <Caret Line="1311" TopLine="1285"/>
      </Position15>
      <Position16>
        <Filename Value="mainformu.pas"/>
        <Caret Line="2044" Column="25" TopLine="2018"/>
      </Position16>
      <Position17>
        <Filename Value="mainformu.pas"/>
        <Caret Line="13" Column="61"/>
      </Position17>
    </JumpHistory>
  </ProjectOptions>
  <CompilerOptions>
    <Version Value="11"/>
    <PathDelim Value="\"/>
    <Target>
      <Filename Value="C:\Temporal\SBAcreator\SBAcreator"/>
    </Target>
    <SearchPaths>
      <IncludeFiles Value="$(ProjOutDir)"/>
      <UnitOutputDirectory Value="C:\Temp\lazarus\lib\$(TargetCPU)-$(TargetOS)"/>
    </SearchPaths>
    <Linking>
      <Debugging>
        <GenerateDebugInfo Value="False"/>
        <StripSymbols Value="True"/>
      </Debugging>
      <Options>
        <Win32>
          <GraphicApplication Value="True"/>
        </Win32>
      </Options>
    </Linking>
  </CompilerOptions>
  <Debugging>
    <Watches Count="2">
      <Item1>
        <Expression Value="SBAPrj.description.FLIST[0]"/>
      </Item1>
      <Item2>
        <Expression Value="SBAPrj.libcores.FLIST[0]"/>
      </Item2>
    </Watches>
    <Exceptions Count="4">
      <Item1>
        <Name Value="EAbort"/>
      </Item1>
      <Item2>
        <Name Value="ECodetoolError"/>
      </Item2>
      <Item3>
        <Name Value="EFOpenError"/>
      </Item3>
      <Item4>
        <Name Value="Exception"/>
      </Item4>
    </Exceptions>
  </Debugging>
</CONFIG>
