<?xml version="1.0" encoding="UTF-8"?>
<CONFIG>
  <ProjectOptions>
    <Version Value="11"/>
    <PathDelim Value="\"/>
    <General>
      <SessionStorage Value="InProjectDir"/>
      <MainUnit Value="0"/>
      <Title Value="SBACreator"/>
      <ResourceType Value="res"/>
      <UseXPManifest Value="True"/>
      <XPManifest>
        <DpiAware Value="True"/>
      </XPManifest>
      <Icon Value="0"/>
    </General>
    <i18n>
      <EnableI18N LFM="False"/>
    </i18n>
    <VersionInfo>
      <UseVersionInfo Value="True"/>
      <AutoIncrementBuild Value="True"/>
      <MinorVersionNr Value="5"/>
      <RevisionNr Value="1"/>
      <BuildNr Value="59"/>
      <Attributes pvaPreRelease="True"/>
      <StringTable CompanyName="uE Peru" FileDescription="SBA System Creator" LegalCopyright="(c) Miguel A. Risco-Castillo" ProductVersion="Public Beta"/>
    </VersionInfo>
    <BuildModes Count="11">
      <Item1 Name="Default" Default="True"/>
      <Item2 Name="Debug x64">
        <CompilerOptions>
          <Version Value="11"/>
          <PathDelim Value="\"/>
          <Target>
            <Filename Value="$Env(PRJOUT)\SBAcreator\SBAcreator"/>
          </Target>
          <SearchPaths>
            <IncludeFiles Value="$(ProjOutDir)"/>
            <OtherUnitFiles Value="..\..\Libs\InternetTools\data;..\..\Libs\InternetTools\internet;..\..\Libs\InternetTools\system"/>
            <UnitOutputDirectory Value="$Env(TEMP)\lazarus\lib\$(TargetCPU)-$(TargetOS)"/>
          </SearchPaths>
          <Parsing>
            <SyntaxOptions>
              <IncludeAssertionCode Value="True"/>
            </SyntaxOptions>
          </Parsing>
          <CodeGeneration>
            <Checks>
              <IOChecks Value="True"/>
              <RangeChecks Value="True"/>
              <OverflowChecks Value="True"/>
              <StackChecks Value="True"/>
            </Checks>
            <TargetCPU Value="x86_64"/>
            <TargetOS Value="win64"/>
          </CodeGeneration>
          <Linking>
            <Debugging>
              <DebugInfoType Value="dsDwarf2Set"/>
              <UseHeaptrc Value="True"/>
              <UseExternalDbgSyms Value="True"/>
            </Debugging>
            <Options>
              <Win32>
                <GraphicApplication Value="True"/>
              </Win32>
            </Options>
          </Linking>
          <Other>
            <CustomOptions Value="-dDEBUG"/>
          </Other>
        </CompilerOptions>
      </Item2>
      <Item3 Name="Release x64">
        <CompilerOptions>
          <Version Value="11"/>
          <PathDelim Value="\"/>
          <Target>
            <Filename Value="$Env(PRJOUT)\SBAcreator\Release\Windows_x64\SBAcreator"/>
          </Target>
          <SearchPaths>
            <IncludeFiles Value="$(ProjOutDir)"/>
            <OtherUnitFiles Value="..\..\Libs\InternetTools\system;..\..\Libs\InternetTools\data;..\..\Libs\InternetTools\internet"/>
            <UnitOutputDirectory Value="$Env(TEMP)\lazarus\lib\$(TargetCPU)-$(TargetOS)"/>
          </SearchPaths>
          <CodeGeneration>
            <SmartLinkUnit Value="True"/>
            <TargetCPU Value="x86_64"/>
            <TargetOS Value="win64"/>
            <Optimizations>
              <OptimizationLevel Value="3"/>
            </Optimizations>
          </CodeGeneration>
          <Linking>
            <Debugging>
              <GenerateDebugInfo Value="False"/>
              <StripSymbols Value="True"/>
            </Debugging>
            <LinkSmart Value="True"/>
            <Options>
              <Win32>
                <GraphicApplication Value="True"/>
              </Win32>
            </Options>
          </Linking>
        </CompilerOptions>
      </Item3>
      <Item4 Name="Debug x32">
        <CompilerOptions>
          <Version Value="11"/>
          <PathDelim Value="\"/>
          <Target>
            <Filename Value="$Env(PRJOUT)\SBAcreator\SBAcreator"/>
          </Target>
          <SearchPaths>
            <IncludeFiles Value="$(ProjOutDir)"/>
            <OtherUnitFiles Value="..\..\Libs\InternetTools\data;..\..\Libs\InternetTools\internet;..\..\Libs\InternetTools\system"/>
            <UnitOutputDirectory Value="$Env(TEMP)\lazarus\lib\$(TargetCPU)-$(TargetOS)"/>
          </SearchPaths>
          <Parsing>
            <SyntaxOptions>
              <IncludeAssertionCode Value="True"/>
            </SyntaxOptions>
          </Parsing>
          <CodeGeneration>
            <Checks>
              <IOChecks Value="True"/>
              <RangeChecks Value="True"/>
              <OverflowChecks Value="True"/>
              <StackChecks Value="True"/>
            </Checks>
            <TargetCPU Value="i386"/>
            <TargetOS Value="win32"/>
          </CodeGeneration>
          <Linking>
            <Debugging>
              <DebugInfoType Value="dsDwarf2Set"/>
              <UseHeaptrc Value="True"/>
              <UseExternalDbgSyms Value="True"/>
            </Debugging>
            <Options>
              <Win32>
                <GraphicApplication Value="True"/>
              </Win32>
            </Options>
          </Linking>
          <Other>
            <CustomOptions Value="-dDEBUG"/>
          </Other>
        </CompilerOptions>
      </Item4>
      <Item5 Name="Release x32">
        <CompilerOptions>
          <Version Value="11"/>
          <PathDelim Value="\"/>
          <Target>
            <Filename Value="$Env(PRJOUT)\SBAcreator\SBAcreator"/>
          </Target>
          <SearchPaths>
            <IncludeFiles Value="$(ProjOutDir)"/>
            <OtherUnitFiles Value="..\..\Libs\InternetTools\data;..\..\Libs\InternetTools\internet;..\..\Libs\InternetTools\system"/>
            <UnitOutputDirectory Value="$Env(TEMP)\lazarus\lib\$(TargetCPU)-$(TargetOS)"/>
          </SearchPaths>
          <CodeGeneration>
            <SmartLinkUnit Value="True"/>
            <TargetCPU Value="i386"/>
            <TargetOS Value="win32"/>
            <Optimizations>
              <OptimizationLevel Value="3"/>
            </Optimizations>
          </CodeGeneration>
          <Linking>
            <Debugging>
              <GenerateDebugInfo Value="False"/>
              <StripSymbols Value="True"/>
            </Debugging>
            <LinkSmart Value="True"/>
            <Options>
              <Win32>
                <GraphicApplication Value="True"/>
              </Win32>
            </Options>
          </Linking>
        </CompilerOptions>
      </Item5>
      <Item6 Name="Debug Linux x86">
        <CompilerOptions>
          <Version Value="11"/>
          <PathDelim Value="\"/>
          <Target>
            <Filename Value="$Env(PRJOUT)\SBAcreator\Release\Linux_x86\SBAcreator"/>
          </Target>
          <SearchPaths>
            <IncludeFiles Value="$(ProjOutDir)"/>
            <OtherUnitFiles Value="..\..\Libs\InternetTools\data;..\..\Libs\InternetTools\internet;..\..\Libs\InternetTools\system"/>
            <UnitOutputDirectory Value="$Env(TEMP)\lazarus\lib\$(TargetCPU)-$(TargetOS)"/>
          </SearchPaths>
          <Parsing>
            <SyntaxOptions>
              <IncludeAssertionCode Value="True"/>
            </SyntaxOptions>
          </Parsing>
          <CodeGeneration>
            <Checks>
              <IOChecks Value="True"/>
              <RangeChecks Value="True"/>
              <OverflowChecks Value="True"/>
              <StackChecks Value="True"/>
            </Checks>
            <TargetCPU Value="i386"/>
            <TargetOS Value="linux"/>
          </CodeGeneration>
          <Linking>
            <Debugging>
              <DebugInfoType Value="dsDwarf2Set"/>
              <UseHeaptrc Value="True"/>
              <UseExternalDbgSyms Value="True"/>
            </Debugging>
            <Options>
              <Win32>
                <GraphicApplication Value="True"/>
              </Win32>
            </Options>
          </Linking>
          <Other>
            <CustomOptions Value="-dDEBUG"/>
          </Other>
        </CompilerOptions>
      </Item6>
      <Item7 Name="Release Linux x86">
        <CompilerOptions>
          <Version Value="11"/>
          <PathDelim Value="\"/>
          <Target>
            <Filename Value="$Env(PRJOUT)\SBAcreator\Release\Linux_x86\SBAcreator"/>
          </Target>
          <SearchPaths>
            <IncludeFiles Value="$(ProjOutDir)"/>
            <OtherUnitFiles Value="..\..\Libs\InternetTools\data;..\..\Libs\InternetTools\internet;..\..\Libs\InternetTools\system"/>
            <UnitOutputDirectory Value="$Env(TEMP)\lazarus\lib\$(TargetCPU)-$(TargetOS)"/>
          </SearchPaths>
          <CodeGeneration>
            <SmartLinkUnit Value="True"/>
            <TargetCPU Value="i386"/>
            <TargetOS Value="linux"/>
            <Optimizations>
              <OptimizationLevel Value="3"/>
            </Optimizations>
          </CodeGeneration>
          <Linking>
            <Debugging>
              <GenerateDebugInfo Value="False"/>
              <StripSymbols Value="True"/>
            </Debugging>
            <LinkSmart Value="True"/>
            <Options>
              <Win32>
                <GraphicApplication Value="True"/>
              </Win32>
            </Options>
          </Linking>
        </CompilerOptions>
      </Item7>
      <Item8 Name="Debug Linux x64">
        <CompilerOptions>
          <Version Value="11"/>
          <PathDelim Value="\"/>
          <Target>
            <Filename Value="$Env(PRJOUT)\SBAcreator\Release\Linux_x86_64\SBAcreator"/>
          </Target>
          <SearchPaths>
            <IncludeFiles Value="$(ProjOutDir)"/>
            <OtherUnitFiles Value="..\..\Libs\InternetTools\data;..\..\Libs\InternetTools\internet;..\..\Libs\InternetTools\system"/>
            <UnitOutputDirectory Value="$Env(TEMP)\lazarus\lib\$(TargetCPU)-$(TargetOS)"/>
          </SearchPaths>
          <Parsing>
            <SyntaxOptions>
              <IncludeAssertionCode Value="True"/>
            </SyntaxOptions>
          </Parsing>
          <CodeGeneration>
            <Checks>
              <IOChecks Value="True"/>
              <RangeChecks Value="True"/>
              <OverflowChecks Value="True"/>
              <StackChecks Value="True"/>
            </Checks>
            <TargetCPU Value="x86_64"/>
            <TargetOS Value="linux"/>
          </CodeGeneration>
          <Linking>
            <Debugging>
              <DebugInfoType Value="dsDwarf2Set"/>
              <UseHeaptrc Value="True"/>
              <UseExternalDbgSyms Value="True"/>
            </Debugging>
            <Options>
              <Win32>
                <GraphicApplication Value="True"/>
              </Win32>
            </Options>
          </Linking>
          <Other>
            <CustomOptions Value="-dDEBUG"/>
          </Other>
        </CompilerOptions>
      </Item8>
      <Item9 Name="Release Linux x64">
        <CompilerOptions>
          <Version Value="11"/>
          <PathDelim Value="\"/>
          <Target>
            <Filename Value="$Env(PRJOUT)\SBAcreator\Release\Linux_x86_64\SBAcreator"/>
          </Target>
          <SearchPaths>
            <IncludeFiles Value="$(ProjOutDir)"/>
            <Libraries Value="C:\Codetyphon\binLibraries\x86_64-linux\"/>
            <OtherUnitFiles Value="..\..\Libs\InternetTools\data;..\..\Libs\InternetTools\internet;..\..\Libs\InternetTools\system"/>
            <UnitOutputDirectory Value="$Env(TEMP)\lazarus\lib\$(TargetCPU)-$(TargetOS)"/>
          </SearchPaths>
          <CodeGeneration>
            <SmartLinkUnit Value="True"/>
            <TargetCPU Value="x86_64"/>
            <TargetOS Value="linux"/>
            <Optimizations>
              <OptimizationLevel Value="3"/>
            </Optimizations>
          </CodeGeneration>
          <Linking>
            <Debugging>
              <GenerateDebugInfo Value="False"/>
              <StripSymbols Value="True"/>
            </Debugging>
            <LinkSmart Value="True"/>
            <Options>
              <Win32>
                <GraphicApplication Value="True"/>
              </Win32>
            </Options>
          </Linking>
        </CompilerOptions>
      </Item9>
      <Item10 Name="Debug Linux ARMV7A">
        <CompilerOptions>
          <Version Value="11"/>
          <PathDelim Value="\"/>
          <Target>
            <Filename Value="$Env(PRJOUT)\SBAcreator\Release\Linux_ARM\SBAcreator"/>
          </Target>
          <SearchPaths>
            <IncludeFiles Value="$(ProjOutDir)"/>
            <OtherUnitFiles Value="..\..\Libs\InternetTools\data;..\..\Libs\InternetTools\internet;..\..\Libs\InternetTools\system"/>
            <UnitOutputDirectory Value="$Env(TEMP)\lazarus\lib\$(TargetCPU)-$(TargetOS)"/>
          </SearchPaths>
          <Parsing>
            <SyntaxOptions>
              <IncludeAssertionCode Value="True"/>
            </SyntaxOptions>
          </Parsing>
          <CodeGeneration>
            <Checks>
              <IOChecks Value="True"/>
              <RangeChecks Value="True"/>
              <OverflowChecks Value="True"/>
              <StackChecks Value="True"/>
            </Checks>
            <TargetProcessor Value="ARMV7A"/>
            <TargetCPU Value="arm"/>
            <TargetOS Value="linux"/>
          </CodeGeneration>
          <Linking>
            <Debugging>
              <DebugInfoType Value="dsDwarf2Set"/>
              <UseHeaptrc Value="True"/>
              <UseExternalDbgSyms Value="True"/>
            </Debugging>
            <Options>
              <Win32>
                <GraphicApplication Value="True"/>
              </Win32>
            </Options>
          </Linking>
          <Other>
            <CustomOptions Value="-dDEBUG"/>
          </Other>
        </CompilerOptions>
      </Item10>
      <Item11 Name="Release Linux ARMV7A">
        <CompilerOptions>
          <Version Value="11"/>
          <PathDelim Value="\"/>
          <Target>
            <Filename Value="$Env(PRJOUT)\SBAcreator\Release\Linux_ARM\SBAcreator"/>
          </Target>
          <SearchPaths>
            <IncludeFiles Value="$(ProjOutDir)"/>
            <OtherUnitFiles Value="..\..\Libs\InternetTools\data;..\..\Libs\InternetTools\internet;..\..\Libs\InternetTools\system"/>
            <UnitOutputDirectory Value="$Env(TEMP)\lazarus\lib\$(TargetCPU)-$(TargetOS)"/>
          </SearchPaths>
          <CodeGeneration>
            <SmartLinkUnit Value="True"/>
            <TargetProcessor Value="ARMV7A"/>
            <TargetCPU Value="arm"/>
            <TargetOS Value="linux"/>
            <Optimizations>
              <OptimizationLevel Value="3"/>
            </Optimizations>
          </CodeGeneration>
          <Linking>
            <Debugging>
              <GenerateDebugInfo Value="False"/>
              <StripSymbols Value="True"/>
            </Debugging>
            <LinkSmart Value="True"/>
            <Options>
              <Win32>
                <GraphicApplication Value="True"/>
              </Win32>
            </Options>
          </Linking>
        </CompilerOptions>
      </Item11>
    </BuildModes>
    <PublishOptions>
      <Version Value="2"/>
      <DestinationDirectory Value="T:\SBACreator\Published"/>
    </PublishOptions>
    <RunParams>
      <FormatVersion Value="2"/>
      <Modes Count="1">
        <Mode0 Name="default"/>
      </Modes>
    </RunParams>
    <RequiredPackages Count="11">
      <Item1>
        <PackageName Value="attabs_package"/>
      </Item1>
      <Item2>
        <PackageName Value="internettools"/>
      </Item2>
      <Item3>
        <PackageName Value="fpc_markdown"/>
      </Item3>
      <Item4>
        <PackageName Value="FrameViewer09"/>
      </Item4>
      <Item5>
        <PackageName Value="LazUtils"/>
      </Item5>
      <Item6>
        <PackageName Value="LazControls"/>
      </Item6>
      <Item7>
        <PackageName Value="HistoryLazarus"/>
      </Item7>
      <Item8>
        <PackageName Value="bgracontrols"/>
      </Item8>
      <Item9>
        <PackageName Value="uEControls"/>
      </Item9>
      <Item10>
        <PackageName Value="SynEdit"/>
      </Item10>
      <Item11>
        <PackageName Value="LCL"/>
      </Item11>
    </RequiredPackages>
    <Units Count="27">
      <Unit0>
        <Filename Value="SBAcreator.lpr"/>
        <IsPartOfProject Value="True"/>
      </Unit0>
      <Unit1>
        <Filename Value="mainformu.pas"/>
        <IsPartOfProject Value="True"/>
        <ComponentName Value="MainForm"/>
        <HasResources Value="True"/>
        <ResourceBaseClass Value="Form"/>
        <UnitName Value="MainFormU"/>
      </Unit1>
      <Unit2>
        <Filename Value="synhighlighterverilog.pas"/>
        <IsPartOfProject Value="True"/>
      </Unit2>
      <Unit3>
        <Filename Value="synhighlightersba.pas"/>
        <IsPartOfProject Value="True"/>
        <UnitName Value="SynHighlighterSBA"/>
      </Unit3>
      <Unit4>
        <Filename Value="versionsupportu.pas"/>
        <IsPartOfProject Value="True"/>
      </Unit4>
      <Unit5>
        <Filename Value="sbaprogcontrlru.pas"/>
        <IsPartOfProject Value="True"/>
        <UnitName Value="SBAProgContrlrU"/>
      </Unit5>
      <Unit6>
        <Filename Value="aboutformu.pas"/>
        <IsPartOfProject Value="True"/>
        <ComponentName Value="AboutForm"/>
        <HasResources Value="True"/>
        <ResourceBaseClass Value="Form"/>
        <UnitName Value="AboutFormU"/>
      </Unit6>
      <Unit7>
        <Filename Value="sbasnippetu.pas"/>
        <IsPartOfProject Value="True"/>
        <UnitName Value="SBASnippetU"/>
      </Unit7>
      <Unit8>
        <Filename Value="sbaprojectu.pas"/>
        <IsPartOfProject Value="True"/>
        <UnitName Value="SBAProjectU"/>
      </Unit8>
      <Unit9>
        <Filename Value="configformu.pas"/>
        <IsPartOfProject Value="True"/>
        <ComponentName Value="ConfigForm"/>
        <HasResources Value="True"/>
        <ResourceBaseClass Value="Form"/>
        <UnitName Value="ConfigFormU"/>
      </Unit9>
      <Unit10>
        <Filename Value="prjwizu.pas"/>
        <IsPartOfProject Value="True"/>
        <ComponentName Value="prjWizForm"/>
        <HasResources Value="True"/>
        <ResourceBaseClass Value="Form"/>
        <UnitName Value="PrjWizU"/>
      </Unit10>
      <Unit11>
        <Filename Value="dwfileu.pas"/>
        <IsPartOfProject Value="True"/>
        <UnitName Value="DwFileU"/>
      </Unit11>
      <Unit12>
        <Filename Value="floatformu.pas"/>
        <IsPartOfProject Value="True"/>
        <ComponentName Value="FloatForm"/>
        <HasResources Value="True"/>
        <ResourceBaseClass Value="Form"/>
        <UnitName Value="FloatFormU"/>
      </Unit12>
      <Unit13>
        <Filename Value="coresprjedformu.pas"/>
        <IsPartOfProject Value="True"/>
        <ComponentName Value="CoresPrjEdForm"/>
        <HasResources Value="True"/>
        <ResourceBaseClass Value="Form"/>
        <UnitName Value="CoresPrjEdFormU"/>
      </Unit13>
      <Unit14>
        <Filename Value="libraryformu.pas"/>
        <IsPartOfProject Value="True"/>
        <ComponentName Value="LibraryForm"/>
        <HasResources Value="True"/>
        <ResourceBaseClass Value="Form"/>
        <UnitName Value="LibraryFormU"/>
      </Unit14>
      <Unit15>
        <Filename Value="utilsu.pas"/>
        <IsPartOfProject Value="True"/>
        <UnitName Value="UtilsU"/>
      </Unit15>
      <Unit16>
        <Filename Value="sbaprogramu.pas"/>
        <IsPartOfProject Value="True"/>
        <UnitName Value="SBAProgramU"/>
      </Unit16>
      <Unit17>
        <Filename Value="exportprjformu.pas"/>
        <IsPartOfProject Value="True"/>
        <ComponentName Value="ExportPrjForm"/>
        <HasResources Value="True"/>
        <ResourceBaseClass Value="Form"/>
        <UnitName Value="ExportPrjFormU"/>
      </Unit17>
      <Unit18>
        <Filename Value="autoupdateu.pas"/>
        <IsPartOfProject Value="True"/>
        <UnitName Value="AutoUpdateU"/>
      </Unit18>
      <Unit19>
        <Filename Value="synhighlighterjson.pas"/>
        <IsPartOfProject Value="True"/>
        <UnitName Value="SynHighlighterJSON"/>
      </Unit19>
      <Unit20>
        <Filename Value="sbaipcoresu.pas"/>
        <IsPartOfProject Value="True"/>
        <UnitName Value="SBAIPCoresU"/>
      </Unit20>
      <Unit21>
        <Filename Value="editoru.pas"/>
        <IsPartOfProject Value="True"/>
        <UnitName Value="EditorU"/>
      </Unit21>
      <Unit22>
        <Filename Value="wgetfileu.pas"/>
        <IsPartOfProject Value="True"/>
        <UnitName Value="WGetFileU"/>
      </Unit22>
      <Unit23>
        <Filename Value="pluginu.pas"/>
        <IsPartOfProject Value="True"/>
        <UnitName Value="PlugInU"/>
      </Unit23>
      <Unit24>
        <Filename Value="filesmonitoru.pas"/>
        <IsPartOfProject Value="True"/>
        <UnitName Value="FilesMonitorU"/>
      </Unit24>
      <Unit25>
        <Filename Value="debugu.pas"/>
        <IsPartOfProject Value="True"/>
        <UnitName Value="DebugU"/>
      </Unit25>
      <Unit26>
        <Filename Value="whatsnewu.pas"/>
        <IsPartOfProject Value="True"/>
        <ComponentName Value="WhatsNewF"/>
        <HasResources Value="True"/>
        <ResourceBaseClass Value="Form"/>
        <UnitName Value="WhatsNewU"/>
      </Unit26>
    </Units>
  </ProjectOptions>
  <CompilerOptions>
    <Version Value="11"/>
    <PathDelim Value="\"/>
    <Target>
      <Filename Value="$Env(PRJOUT)\SBAcreator\SBAcreator"/>
    </Target>
    <SearchPaths>
      <IncludeFiles Value="$(ProjOutDir)"/>
      <UnitOutputDirectory Value="$Env(TEMP)\lazarus\lib\$(TargetCPU)-$(TargetOS)"/>
    </SearchPaths>
    <Linking>
      <Debugging>
        <GenerateDebugInfo Value="False"/>
        <StripSymbols Value="True"/>
      </Debugging>
      <Options>
        <Win32>
          <GraphicApplication Value="True"/>
        </Win32>
      </Options>
    </Linking>
  </CompilerOptions>
  <Debugging>
    <Exceptions Count="6">
      <Item1>
        <Name Value="EAbort"/>
      </Item1>
      <Item2>
        <Name Value="ECodetoolError"/>
      </Item2>
      <Item3>
        <Name Value="EFOpenError"/>
      </Item3>
      <Item4>
        <Name Value="Exception"/>
      </Item4>
      <Item5>
        <Name Value="EProcess"/>
      </Item5>
      <Item6>
        <Name Value="RunError(201)"/>
      </Item6>
    </Exceptions>
  </Debugging>
</CONFIG>
